# THIS IS AN AUTOGENERATED FILE. DO NOT EDIT THIS FILE DIRECTLY.
# yarn lockfile v1


eventemitter3@^3.1.0:
  version "3.1.0"
  resolved "https://registry.yarnpkg.com/eventemitter3/-/eventemitter3-3.1.0.tgz#090b4d6cdbd645ed10bf750d4b5407942d7ba163"
  integrity sha512-ivIvhpq/Y0uSjcHDcOIccjmYjGLcP09MFGE7ysAwkAvkXfpZlC985pH2/ui64DKazbTW/4kN3yqozUxlXzI6cA==

phaser@^3.14.0:
  version "3.14.0"
  resolved "https://registry.yarnpkg.com/phaser/-/phaser-3.14.0.tgz#af1fb05a1febad9bfef402f3987e0b4340d7abd2"
  integrity sha512-U3vnzq6wOsCWHRaQ6Stdesic9CZUlanl9oAAmDvcx12QWLFZW4L/eT2QJ/pVCOSgayVdrhXpVU/J7pdLTOWwTQ==
  dependencies:
    eventemitter3 "^3.1.0"
